<?xml version="1.0" encoding="utf-8"?>
<Project ToolsVersion="4.0" xmlns="http://schemas.microsoft.com/developer/msbuild/2003">
  <ItemGroup>
    <Filter Include="Services">
      <UniqueIdentifier>{a0897050-2cb2-444a-b0a6-0a3db832f621}</UniqueIdentifier>
    </Filter>
    <Filter Include="Services\Controls">
      <UniqueIdentifier>{2d30e21c-f4c9-4666-9ed9-2f66a8ea64fb}</UniqueIdentifier>
    </Filter>
    <Filter Include="Services\Files">
      <UniqueIdentifier>{8eeeb1ba-81bd-4287-abec-943fcf5428ae}</UniqueIdentifier>
    </Filter>
    <Filter Include="Services\Render">
      <UniqueIdentifier>{d9f2079f-c236-4266-9249-90dccd4454f5}</UniqueIdentifier>
    </Filter>
    <Filter Include="Services\Scene">
      <UniqueIdentifier>{664bf707-e0cd-4444-b089-fd9b4a1fc86f}</UniqueIdentifier>
    </Filter>
    <Filter Include="Support">
      <UniqueIdentifier>{ebed6885-e31e-45b9-ab82-737bb5cd452e}</UniqueIdentifier>
    </Filter>
    <Filter Include="Services\Render\Debug">
      <UniqueIdentifier>{21cc3c4b-142e-4a10-89ce-e83fe475e135}</UniqueIdentifier>
    </Filter>
    <Filter Include="Services\Render\DX11">
      <UniqueIdentifier>{01bccd13-43d9-4a59-b89f-f97830024282}</UniqueIdentifier>
    </Filter>
    <Filter Include="Support\json">
      <UniqueIdentifier>{4b6c33e6-3446-43db-8a0e-cf045140e9c4}</UniqueIdentifier>
    </Filter>
    <Filter Include="Support\MetaData">
      <UniqueIdentifier>{b987916e-2187-4e15-a3a8-542d396efe97}</UniqueIdentifier>
    </Filter>
    <Filter Include="Editor">
      <UniqueIdentifier>{8b15df3b-e0dd-4449-b282-d3d7b6d21c51}</UniqueIdentifier>
    </Filter>
    <Filter Include="Services\TaskExecutor">
      <UniqueIdentifier>{57c7a380-4755-4bd2-b6a5-2bec53ce5d8e}</UniqueIdentifier>
    </Filter>
    <Filter Include="Services\Network">
      <UniqueIdentifier>{37a754a9-0c6d-491d-a58c-a4039e7d2ed7}</UniqueIdentifier>
    </Filter>
    <Filter Include="Services\Font">
      <UniqueIdentifier>{e14be2ec-e80c-4d99-b894-ad3151d21918}</UniqueIdentifier>
    </Filter>
    <Filter Include="SceneObjects">
      <UniqueIdentifier>{606362ba-7307-482c-a137-6de9b2e4a21c}</UniqueIdentifier>
    </Filter>
    <Filter Include="Services\Core">
      <UniqueIdentifier>{8720f28a-7dc7-4472-a9eb-ce5460f21905}</UniqueIdentifier>
    </Filter>
    <Filter Include="Platform">
      <UniqueIdentifier>{b820970c-90da-4f6c-94d2-7499dec07175}</UniqueIdentifier>
    </Filter>
    <Filter Include="Platform\Android">
      <UniqueIdentifier>{9e9ed0c8-d27e-458d-a5ff-d12a5e256b34}</UniqueIdentifier>
    </Filter>
    <Filter Include="Services\Render\GLES3">
      <UniqueIdentifier>{767fda66-ebac-4a0e-9a5d-86e3ec331183}</UniqueIdentifier>
    </Filter>
    <Filter Include="Services\Script">
      <UniqueIdentifier>{1494105d-6eb4-4735-a05c-4fb92971fa4b}</UniqueIdentifier>
    </Filter>
    <Filter Include="Services\Physic">
      <UniqueIdentifier>{78b7081e-54e0-40d6-b906-a7907c6589b4}</UniqueIdentifier>
    </Filter>
    <Filter Include="Services\Script\Libs">
      <UniqueIdentifier>{fa1b980f-2e35-414e-8acb-5b7b62e0bc16}</UniqueIdentifier>
    </Filter>
    <Filter Include="Services\Physic\Box2D">
      <UniqueIdentifier>{d33e5fb6-ea88-4bdb-8aa0-2681da58f3d2}</UniqueIdentifier>
    </Filter>
    <Filter Include="Services\Physic\Box2D\Rope">
      <UniqueIdentifier>{bfa49988-1905-4818-b7b9-d22f03a990e8}</UniqueIdentifier>
    </Filter>
    <Filter Include="Services\Physic\Box2D\Dynamics">
      <UniqueIdentifier>{39be8d7c-93a8-424e-b3b6-c502f53c6099}</UniqueIdentifier>
    </Filter>
    <Filter Include="Services\Physic\Box2D\Dynamics\Joints">
      <UniqueIdentifier>{a3d743ce-db7e-4ca4-b7f0-31585f1aafb0}</UniqueIdentifier>
    </Filter>
    <Filter Include="Services\Physic\Box2D\Dynamics\Contacts">
      <UniqueIdentifier>{e4053ead-a295-414b-acef-6ad82ff10e39}</UniqueIdentifier>
    </Filter>
    <Filter Include="Services\Physic\Box2D\Common">
      <UniqueIdentifier>{8bc48a9c-38da-49d3-b592-958cf871db85}</UniqueIdentifier>
    </Filter>
    <Filter Include="Services\Physic\Box2D\Collision">
      <UniqueIdentifier>{400c943e-14e8-4f8d-a0d1-91f7f30f6879}</UniqueIdentifier>
    </Filter>
    <Filter Include="Services\Physic\Box2D\Collision\Shapes">
      <UniqueIdentifier>{7a553c18-7a83-444c-affc-4c2b4ee18f0f}</UniqueIdentifier>
    </Filter>
    <Filter Include="SceneObjects\2D">
      <UniqueIdentifier>{b856a259-0fd3-4fbc-a925-ae99055bd9b4}</UniqueIdentifier>
    </Filter>
    <Filter Include="SceneObjects\3D">
      <UniqueIdentifier>{4b1dbfb7-3237-4828-bb74-c17a7bb62363}</UniqueIdentifier>
    </Filter>
    <Filter Include="SceneObjects\Common">
      <UniqueIdentifier>{227353ef-26ab-45d3-a777-5efb89b3c7a9}</UniqueIdentifier>
    </Filter>
    <Filter Include="SceneObjects\Other">
      <UniqueIdentifier>{14e12d3d-044c-406a-9211-6e07fd8b4de9}</UniqueIdentifier>
    </Filter>
    <Filter Include="SceneObjects\Other\Demo">
      <UniqueIdentifier>{5b70cb3c-e579-4245-870c-35850a0e87c2}</UniqueIdentifier>
    </Filter>
    <Filter Include="SceneObjects\Other\PathFinder">
      <UniqueIdentifier>{7bb43a10-9f44-451a-bd4b-48f2d77a2473}</UniqueIdentifier>
    </Filter>
    <Filter Include="SceneObjects\UI">
      <UniqueIdentifier>{ebc4e8c2-728b-446c-9f0c-e517ab819a2b}</UniqueIdentifier>
    </Filter>
    <Filter Include="SceneObjects\Common\Animator">
      <UniqueIdentifier>{d81e59e4-1710-4f43-9dd0-91f10f954966}</UniqueIdentifier>
    </Filter>
    <Filter Include="SceneObjects\Common\Animator\TrackPlayers">
      <UniqueIdentifier>{e53d9272-4e15-46ba-9cbc-a35096e6fb67}</UniqueIdentifier>
    </Filter>
    <Filter Include="SceneObjects\Common\Animator\DataTrack">
      <UniqueIdentifier>{a5551999-26de-4c26-90f0-1b74dc99dca7}</UniqueIdentifier>
    </Filter>
  </ItemGroup>
  <ItemGroup>
    <ClCompile Include="..\..\..\Atum\main.cpp" />
    <ClCompile Include="..\..\..\Atum\Support\Timer.cpp">
      <Filter>Support</Filter>
    </ClCompile>
    <ClCompile Include="..\..\..\Atum\Services\Controls\Controls.cpp">
      <Filter>Services\Controls</Filter>
    </ClCompile>
    <ClCompile Include="..\..\..\Atum\Services\Render\Program.cpp">
      <Filter>Services\Render</Filter>
    </ClCompile>
    <ClCompile Include="..\..\..\Atum\Services\Render\Render.cpp">
      <Filter>Services\Render</Filter>
    </ClCompile>
    <ClCompile Include="..\..\..\Atum\Services\Render\Debug\DebugBoxes.cpp">
      <Filter>Services\Render\Debug</Filter>
    </ClCompile>
    <ClCompile Include="..\..\..\Atum\Services\Render\Debug\DebugLines.cpp">
      <Filter>Services\Render\Debug</Filter>
    </ClCompile>
    <ClCompile Include="..\..\..\Atum\Services\Render\Debug\DebugPrograms.cpp">
      <Filter>Services\Render\Debug</Filter>
    </ClCompile>
    <ClCompile Include="..\..\..\Atum\Services\Render\Debug\DebugSpheres.cpp">
      <Filter>Services\Render\Debug</Filter>
    </ClCompile>
    <ClCompile Include="..\..\..\Atum\Services\Render\DX11\DeviceDX11.cpp">
      <Filter>Services\Render\DX11</Filter>
    </ClCompile>
    <ClCompile Include="..\..\..\Atum\Services\Render\DX11\GeometryBufferDX11.cpp">
      <Filter>Services\Render\DX11</Filter>
    </ClCompile>
    <ClCompile Include="..\..\..\Atum\Services\Render\DX11\ShaderDX11.cpp">
      <Filter>Services\Render\DX11</Filter>
    </ClCompile>
    <ClCompile Include="..\..\..\Atum\Services\Render\DX11\TextureDX11.cpp">
      <Filter>Services\Render\DX11</Filter>
    </ClCompile>
    <ClCompile Include="..\..\..\Atum\Support\StringUtils.cpp">
      <Filter>Support</Filter>
    </ClCompile>
    <ClCompile Include="..\..\..\Atum\Support\json\block_allocator.cpp">
      <Filter>Support\json</Filter>
    </ClCompile>
    <ClCompile Include="..\..\..\Atum\Support\json\json.cpp">
      <Filter>Support\json</Filter>
    </ClCompile>
    <ClCompile Include="..\..\..\Atum\Support\MetaData\BoolWidget.cpp">
      <Filter>Support\MetaData</Filter>
    </ClCompile>
    <ClCompile Include="..\..\..\Atum\Support\MetaData\ColorWidget.cpp">
      <Filter>Support\MetaData</Filter>
    </ClCompile>
    <ClCompile Include="..\..\..\Atum\Support\MetaData\EnumWidget.cpp">
      <Filter>Support\MetaData</Filter>
    </ClCompile>
    <ClCompile Include="..\..\..\Atum\Support\MetaData\FileNameWidget.cpp">
      <Filter>Support\MetaData</Filter>
    </ClCompile>
    <ClCompile Include="..\..\..\Atum\Support\MetaData\FloatWidget.cpp">
      <Filter>Support\MetaData</Filter>
    </ClCompile>
    <ClCompile Include="..\..\..\Atum\Support\MetaData\IntWidget.cpp">
      <Filter>Support\MetaData</Filter>
    </ClCompile>
    <ClCompile Include="..\..\..\Atum\Support\MetaData\MetaData.cpp">
      <Filter>Support\MetaData</Filter>
    </ClCompile>
    <ClCompile Include="..\..\..\Atum\Support\MetaData\ProperyWidget.cpp">
      <Filter>Support\MetaData</Filter>
    </ClCompile>
    <ClCompile Include="..\..\..\Atum\Support\MetaData\StringWidget.cpp">
      <Filter>Support\MetaData</Filter>
    </ClCompile>
    <ClCompile Include="..\..\..\Atum\Services\Scene\Scene.cpp">
      <Filter>Services\Scene</Filter>
    </ClCompile>
    <ClCompile Include="..\..\..\Atum\Services\Scene\SceneObject.cpp">
      <Filter>Services\Scene</Filter>
    </ClCompile>
    <ClCompile Include="..\..\..\Atum\Editor\Editor.cpp">
      <Filter>Editor</Filter>
    </ClCompile>
    <ClCompile Include="..\..\..\Atum\Editor\freecamera.cpp">
      <Filter>Editor</Filter>
    </ClCompile>
    <ClCompile Include="..\..\..\Atum\Editor\Gizmo.cpp">
      <Filter>Editor</Filter>
    </ClCompile>
    <ClCompile Include="..\..\..\Atum\Services\TaskExecutor\TaskExecutor.cpp">
      <Filter>Services\TaskExecutor</Filter>
    </ClCompile>
    <ClCompile Include="..\..\..\Atum\Support\ThreadExecutor.cpp">
      <Filter>Support</Filter>
    </ClCompile>
    <ClCompile Include="..\..\..\Atum\Services\Font\FontRes.cpp">
      <Filter>Services\Font</Filter>
    </ClCompile>
    <ClCompile Include="..\..\..\Atum\Services\Render\Debug\DebugFont.cpp">
      <Filter>Services\Render\Debug</Filter>
    </ClCompile>
    <ClCompile Include="..\..\..\Atum\Services\Font\Font.cpp">
      <Filter>Services\Font</Filter>
    </ClCompile>
    <ClCompile Include="..\..\..\Atum\Services\Scene\SceneAsset.cpp">
      <Filter>Services\Scene</Filter>
    </ClCompile>
    <ClCompile Include="..\..\..\Atum\Services\Render\Debug\DebugTriangles.cpp">
      <Filter>Services\Render\Debug</Filter>
    </ClCompile>
    <ClCompile Include="..\..\..\Atum\Services\Render\Debug\DebugSprites.cpp">
      <Filter>Services\Render\Debug</Filter>
    </ClCompile>
    <ClCompile Include="..\..\..\Atum\Support\MetaData\CallbackWidget.cpp">
      <Filter>Support\MetaData</Filter>
    </ClCompile>
    <ClCompile Include="..\..\..\Atum\Services\Core\Core.cpp">
      <Filter>Services\Core</Filter>
    </ClCompile>
    <ClCompile Include="..\..\..\Atum\Services\Network\Network.cpp">
      <Filter>Services\Network</Filter>
    </ClCompile>
    <ClCompile Include="..\..\..\Atum\Services\Font\Fonts.cpp">
      <Filter>Services\Font</Filter>
    </ClCompile>
    <ClCompile Include="..\..\..\Atum\Platform\Android\android_fopen.cpp">
      <Filter>Platform\Android</Filter>
    </ClCompile>
    <ClCompile Include="..\..\..\Atum\Platform\Android\gles3jni.cpp">
      <Filter>Platform\Android</Filter>
    </ClCompile>
    <ClCompile Include="..\..\..\Atum\Services\Render\DX11\VertexDeclDX11.cpp">
      <Filter>Services\Render\DX11</Filter>
    </ClCompile>
    <ClCompile Include="..\..\..\Atum\Services\Render\GLES3\VertexDeclGLES.cpp">
      <Filter>Services\Render\GLES3</Filter>
    </ClCompile>
    <ClCompile Include="..\..\..\Atum\Services\Render\GLES3\TextureGLES.cpp">
      <Filter>Services\Render\GLES3</Filter>
    </ClCompile>
    <ClCompile Include="..\..\..\Atum\Services\Render\GLES3\ShaderGLES.cpp">
      <Filter>Services\Render\GLES3</Filter>
    </ClCompile>
    <ClCompile Include="..\..\..\Atum\Services\Render\GLES3\GeometryBufferGLES.cpp">
      <Filter>Services\Render\GLES3</Filter>
    </ClCompile>
    <ClCompile Include="..\..\..\Atum\Services\Render\GLES3\DeviceGLES.cpp">
      <Filter>Services\Render\GLES3</Filter>
    </ClCompile>
    <ClCompile Include="..\..\..\Atum\Services\Render\Texture.cpp">
      <Filter>Services\Render</Filter>
    </ClCompile>
    <ClCompile Include="..\..\..\Atum\Services\Script\Scripts.cpp">
      <Filter>Services\Script</Filter>
    </ClCompile>
    <ClCompile Include="..\..\..\Atum\Services\Physic\PhysController.cpp">
      <Filter>Services\Physic</Filter>
    </ClCompile>
    <ClCompile Include="..\..\..\Atum\Services\Physic\PhysHeightmap.cpp">
      <Filter>Services\Physic</Filter>
    </ClCompile>
    <ClCompile Include="..\..\..\Atum\Services\Physic\Physics.cpp">
      <Filter>Services\Physic</Filter>
    </ClCompile>
    <ClCompile Include="..\..\..\Atum\Services\Physic\PhysObject.cpp">
      <Filter>Services\Physic</Filter>
    </ClCompile>
    <ClCompile Include="..\..\..\Atum\Services\Physic\PhysScene.cpp">
      <Filter>Services\Physic</Filter>
    </ClCompile>
    <ClCompile Include="..\..\..\Atum\Services\Script\ScriptContext.cpp">
      <Filter>Services\Script</Filter>
    </ClCompile>
    <ClCompile Include="..\..\..\Atum\Services\Script\libs\scriptarray.cpp">
      <Filter>Services\Script\Libs</Filter>
    </ClCompile>
    <ClCompile Include="..\..\..\Atum\Services\Script\libs\scriptdictionary.cpp">
      <Filter>Services\Script\Libs</Filter>
    </ClCompile>
    <ClCompile Include="..\..\..\Atum\Services\Script\libs\scripthandle.cpp">
      <Filter>Services\Script\Libs</Filter>
    </ClCompile>
    <ClCompile Include="..\..\..\Atum\Services\Script\libs\scriptmath.cpp">
      <Filter>Services\Script\Libs</Filter>
    </ClCompile>
    <ClCompile Include="..\..\..\Atum\Services\Script\libs\scriptstdstring.cpp">
      <Filter>Services\Script\Libs</Filter>
    </ClCompile>
    <ClCompile Include="..\..\..\Atum\Services\Script\libs\scriptstdstring_utils.cpp">
      <Filter>Services\Script\Libs</Filter>
    </ClCompile>
    <ClCompile Include="..\..\..\Atum\Services\Physic\Box2D\Rope\b2Rope.cpp">
      <Filter>Services\Physic\Box2D\Rope</Filter>
    </ClCompile>
    <ClCompile Include="..\..\..\Atum\Services\Physic\Box2D\Dynamics\Joints\b2DistanceJoint.cpp">
      <Filter>Services\Physic\Box2D\Dynamics\Joints</Filter>
    </ClCompile>
    <ClCompile Include="..\..\..\Atum\Services\Physic\Box2D\Dynamics\Joints\b2FrictionJoint.cpp">
      <Filter>Services\Physic\Box2D\Dynamics\Joints</Filter>
    </ClCompile>
    <ClCompile Include="..\..\..\Atum\Services\Physic\Box2D\Dynamics\Joints\b2GearJoint.cpp">
      <Filter>Services\Physic\Box2D\Dynamics\Joints</Filter>
    </ClCompile>
    <ClCompile Include="..\..\..\Atum\Services\Physic\Box2D\Dynamics\Joints\b2Joint.cpp">
      <Filter>Services\Physic\Box2D\Dynamics\Joints</Filter>
    </ClCompile>
    <ClCompile Include="..\..\..\Atum\Services\Physic\Box2D\Dynamics\Joints\b2MotorJoint.cpp">
      <Filter>Services\Physic\Box2D\Dynamics\Joints</Filter>
    </ClCompile>
    <ClCompile Include="..\..\..\Atum\Services\Physic\Box2D\Dynamics\Joints\b2MouseJoint.cpp">
      <Filter>Services\Physic\Box2D\Dynamics\Joints</Filter>
    </ClCompile>
    <ClCompile Include="..\..\..\Atum\Services\Physic\Box2D\Dynamics\Joints\b2PrismaticJoint.cpp">
      <Filter>Services\Physic\Box2D\Dynamics\Joints</Filter>
    </ClCompile>
    <ClCompile Include="..\..\..\Atum\Services\Physic\Box2D\Dynamics\Joints\b2PulleyJoint.cpp">
      <Filter>Services\Physic\Box2D\Dynamics\Joints</Filter>
    </ClCompile>
    <ClCompile Include="..\..\..\Atum\Services\Physic\Box2D\Dynamics\Joints\b2RevoluteJoint.cpp">
      <Filter>Services\Physic\Box2D\Dynamics\Joints</Filter>
    </ClCompile>
    <ClCompile Include="..\..\..\Atum\Services\Physic\Box2D\Dynamics\Joints\b2RopeJoint.cpp">
      <Filter>Services\Physic\Box2D\Dynamics\Joints</Filter>
    </ClCompile>
    <ClCompile Include="..\..\..\Atum\Services\Physic\Box2D\Dynamics\Joints\b2WeldJoint.cpp">
      <Filter>Services\Physic\Box2D\Dynamics\Joints</Filter>
    </ClCompile>
    <ClCompile Include="..\..\..\Atum\Services\Physic\Box2D\Dynamics\Joints\b2WheelJoint.cpp">
      <Filter>Services\Physic\Box2D\Dynamics\Joints</Filter>
    </ClCompile>
    <ClCompile Include="..\..\..\Atum\Services\Physic\Box2D\Dynamics\Contacts\b2ChainAndCircleContact.cpp">
      <Filter>Services\Physic\Box2D\Dynamics\Contacts</Filter>
    </ClCompile>
    <ClCompile Include="..\..\..\Atum\Services\Physic\Box2D\Dynamics\Contacts\b2ChainAndPolygonContact.cpp">
      <Filter>Services\Physic\Box2D\Dynamics\Contacts</Filter>
    </ClCompile>
    <ClCompile Include="..\..\..\Atum\Services\Physic\Box2D\Dynamics\Contacts\b2CircleContact.cpp">
      <Filter>Services\Physic\Box2D\Dynamics\Contacts</Filter>
    </ClCompile>
    <ClCompile Include="..\..\..\Atum\Services\Physic\Box2D\Dynamics\Contacts\b2Contact.cpp">
      <Filter>Services\Physic\Box2D\Dynamics\Contacts</Filter>
    </ClCompile>
    <ClCompile Include="..\..\..\Atum\Services\Physic\Box2D\Dynamics\Contacts\b2ContactSolver.cpp">
      <Filter>Services\Physic\Box2D\Dynamics\Contacts</Filter>
    </ClCompile>
    <ClCompile Include="..\..\..\Atum\Services\Physic\Box2D\Dynamics\Contacts\b2EdgeAndCircleContact.cpp">
      <Filter>Services\Physic\Box2D\Dynamics\Contacts</Filter>
    </ClCompile>
    <ClCompile Include="..\..\..\Atum\Services\Physic\Box2D\Dynamics\Contacts\b2EdgeAndPolygonContact.cpp">
      <Filter>Services\Physic\Box2D\Dynamics\Contacts</Filter>
    </ClCompile>
    <ClCompile Include="..\..\..\Atum\Services\Physic\Box2D\Dynamics\Contacts\b2PolygonAndCircleContact.cpp">
      <Filter>Services\Physic\Box2D\Dynamics\Contacts</Filter>
    </ClCompile>
    <ClCompile Include="..\..\..\Atum\Services\Physic\Box2D\Dynamics\Contacts\b2PolygonContact.cpp">
      <Filter>Services\Physic\Box2D\Dynamics\Contacts</Filter>
    </ClCompile>
    <ClCompile Include="..\..\..\Atum\Services\Physic\Box2D\Dynamics\b2Body.cpp">
      <Filter>Services\Physic\Box2D\Dynamics</Filter>
    </ClCompile>
    <ClCompile Include="..\..\..\Atum\Services\Physic\Box2D\Dynamics\b2ContactManager.cpp">
      <Filter>Services\Physic\Box2D\Dynamics</Filter>
    </ClCompile>
    <ClCompile Include="..\..\..\Atum\Services\Physic\Box2D\Dynamics\b2Fixture.cpp">
      <Filter>Services\Physic\Box2D\Dynamics</Filter>
    </ClCompile>
    <ClCompile Include="..\..\..\Atum\Services\Physic\Box2D\Dynamics\b2Island.cpp">
      <Filter>Services\Physic\Box2D\Dynamics</Filter>
    </ClCompile>
    <ClCompile Include="..\..\..\Atum\Services\Physic\Box2D\Dynamics\b2World.cpp">
      <Filter>Services\Physic\Box2D\Dynamics</Filter>
    </ClCompile>
    <ClCompile Include="..\..\..\Atum\Services\Physic\Box2D\Dynamics\b2WorldCallbacks.cpp">
      <Filter>Services\Physic\Box2D\Dynamics</Filter>
    </ClCompile>
    <ClCompile Include="..\..\..\Atum\Services\Physic\Box2D\Common\b2BlockAllocator.cpp">
      <Filter>Services\Physic\Box2D\Common</Filter>
    </ClCompile>
    <ClCompile Include="..\..\..\Atum\Services\Physic\Box2D\Common\b2Draw.cpp">
      <Filter>Services\Physic\Box2D\Common</Filter>
    </ClCompile>
    <ClCompile Include="..\..\..\Atum\Services\Physic\Box2D\Common\b2Math.cpp">
      <Filter>Services\Physic\Box2D\Common</Filter>
    </ClCompile>
    <ClCompile Include="..\..\..\Atum\Services\Physic\Box2D\Common\b2Settings.cpp">
      <Filter>Services\Physic\Box2D\Common</Filter>
    </ClCompile>
    <ClCompile Include="..\..\..\Atum\Services\Physic\Box2D\Common\b2StackAllocator.cpp">
      <Filter>Services\Physic\Box2D\Common</Filter>
    </ClCompile>
    <ClCompile Include="..\..\..\Atum\Services\Physic\Box2D\Common\b2Timer.cpp">
      <Filter>Services\Physic\Box2D\Common</Filter>
    </ClCompile>
    <ClCompile Include="..\..\..\Atum\Services\Physic\Box2D\Collision\Shapes\b2ChainShape.cpp">
      <Filter>Services\Physic\Box2D\Collision\Shapes</Filter>
    </ClCompile>
    <ClCompile Include="..\..\..\Atum\Services\Physic\Box2D\Collision\Shapes\b2CircleShape.cpp">
      <Filter>Services\Physic\Box2D\Collision\Shapes</Filter>
    </ClCompile>
    <ClCompile Include="..\..\..\Atum\Services\Physic\Box2D\Collision\Shapes\b2EdgeShape.cpp">
      <Filter>Services\Physic\Box2D\Collision\Shapes</Filter>
    </ClCompile>
    <ClCompile Include="..\..\..\Atum\Services\Physic\Box2D\Collision\Shapes\b2PolygonShape.cpp">
      <Filter>Services\Physic\Box2D\Collision\Shapes</Filter>
    </ClCompile>
    <ClCompile Include="..\..\..\Atum\Services\Physic\Box2D\Collision\b2BroadPhase.cpp">
      <Filter>Services\Physic\Box2D\Collision</Filter>
    </ClCompile>
    <ClCompile Include="..\..\..\Atum\Services\Physic\Box2D\Collision\b2CollideCircle.cpp">
      <Filter>Services\Physic\Box2D\Collision</Filter>
    </ClCompile>
    <ClCompile Include="..\..\..\Atum\Services\Physic\Box2D\Collision\b2CollideEdge.cpp">
      <Filter>Services\Physic\Box2D\Collision</Filter>
    </ClCompile>
    <ClCompile Include="..\..\..\Atum\Services\Physic\Box2D\Collision\b2CollidePolygon.cpp">
      <Filter>Services\Physic\Box2D\Collision</Filter>
    </ClCompile>
    <ClCompile Include="..\..\..\Atum\Services\Physic\Box2D\Collision\b2Collision.cpp">
      <Filter>Services\Physic\Box2D\Collision</Filter>
    </ClCompile>
    <ClCompile Include="..\..\..\Atum\Services\Physic\Box2D\Collision\b2Distance.cpp">
      <Filter>Services\Physic\Box2D\Collision</Filter>
    </ClCompile>
    <ClCompile Include="..\..\..\Atum\Services\Physic\Box2D\Collision\b2DynamicTree.cpp">
      <Filter>Services\Physic\Box2D\Collision</Filter>
    </ClCompile>
    <ClCompile Include="..\..\..\Atum\Services\Physic\Box2D\Collision\b2TimeOfImpact.cpp">
      <Filter>Services\Physic\Box2D\Collision</Filter>
    </ClCompile>
    <ClCompile Include="..\..\..\Atum\Support\MetaData\ArrayWidget.cpp">
      <Filter>Support\MetaData</Filter>
    </ClCompile>
    <ClCompile Include="..\..\..\Atum\Services\Scene\SceneObjectComp.cpp">
      <Filter>Services\Scene</Filter>
    </ClCompile>
    <ClCompile Include="..\..\..\Atum\Editor\SceneObjCmpWidget.cpp">
      <Filter>Editor</Filter>
    </ClCompile>
    <ClCompile Include="..\..\..\Atum\Support\MetaData\SpriteWidget.cpp">
      <Filter>Support\MetaData</Filter>
    </ClCompile>
    <ClCompile Include="..\..\..\Atum\SceneObjects\2D\Track2DComp.cpp">
      <Filter>SceneObjects\2D</Filter>
    </ClCompile>
    <ClCompile Include="..\..\..\Atum\SceneObjects\2D\Triger2D.cpp">
      <Filter>SceneObjects\2D</Filter>
    </ClCompile>
    <ClCompile Include="..\..\..\Atum\SceneObjects\3D\PhysBox.cpp">
      <Filter>SceneObjects\3D</Filter>
    </ClCompile>
    <ClCompile Include="..\..\..\Atum\SceneObjects\3D\terrain.cpp">
      <Filter>SceneObjects\3D</Filter>
    </ClCompile>
    <ClCompile Include="..\..\..\Atum\SceneObjects\Common\SceneScript.cpp">
      <Filter>SceneObjects\Common</Filter>
    </ClCompile>
    <ClCompile Include="..\..\..\Atum\SceneObjects\Common\VirtualJoystick.cpp">
      <Filter>SceneObjects\Common</Filter>
    </ClCompile>
    <ClCompile Include="..\..\..\Atum\SceneObjects\Other\Demo\correction.cpp">
      <Filter>SceneObjects\Other\Demo</Filter>
    </ClCompile>
    <ClCompile Include="..\..\..\Atum\SceneObjects\Other\Demo\hovertank.cpp">
      <Filter>SceneObjects\Other\Demo</Filter>
    </ClCompile>
    <ClCompile Include="..\..\..\Atum\SceneObjects\Other\Demo\model.cpp">
      <Filter>SceneObjects\Other\Demo</Filter>
    </ClCompile>
    <ClCompile Include="..\..\..\Atum\SceneObjects\Other\Demo\plane.cpp">
      <Filter>SceneObjects\Other\Demo</Filter>
    </ClCompile>
    <ClCompile Include="..\..\..\Atum\SceneObjects\Other\Demo\programs.cpp">
      <Filter>SceneObjects\Other\Demo</Filter>
    </ClCompile>
    <ClCompile Include="..\..\..\Atum\SceneObjects\Other\Demo\SimpleCharacter2D.cpp">
      <Filter>SceneObjects\Other\Demo</Filter>
    </ClCompile>
    <ClCompile Include="..\..\..\Atum\SceneObjects\Other\Demo\SimpleClient.cpp">
      <Filter>SceneObjects\Other\Demo</Filter>
    </ClCompile>
    <ClCompile Include="..\..\..\Atum\SceneObjects\Other\Demo\SimpleServer.cpp">
      <Filter>SceneObjects\Other\Demo</Filter>
    </ClCompile>
    <ClCompile Include="..\..\..\Atum\SceneObjects\Other\PathFinder\AStar.cpp">
      <Filter>SceneObjects\Other\PathFinder</Filter>
    </ClCompile>
    <ClCompile Include="..\..\..\Atum\SceneObjects\Other\PathFinder\PathFinder.cpp">
      <Filter>SceneObjects\Other\PathFinder</Filter>
    </ClCompile>
    <ClCompile Include="..\..\..\Atum\SceneObjects\2D\Camera2D.cpp">
      <Filter>SceneObjects\2D</Filter>
    </ClCompile>
    <ClCompile Include="..\..\..\Atum\SceneObjects\2D\Phys2DComp.cpp">
      <Filter>SceneObjects\2D</Filter>
    </ClCompile>
    <ClCompile Include="..\..\..\Atum\SceneObjects\2D\Sprite.cpp">
      <Filter>SceneObjects\2D</Filter>
    </ClCompile>
    <ClCompile Include="..\..\..\Atum\SceneObjects\2D\SpriteAsset.cpp">
      <Filter>SceneObjects\2D</Filter>
    </ClCompile>
    <ClCompile Include="..\..\..\Atum\SceneObjects\2D\SpriteGraphAsset.cpp">
      <Filter>SceneObjects\2D</Filter>
    </ClCompile>
    <ClCompile Include="..\..\..\Atum\SceneObjects\2D\SpriteGraphInst.cpp">
      <Filter>SceneObjects\2D</Filter>
    </ClCompile>
    <ClCompile Include="..\..\..\Atum\SceneObjects\2D\SpriteInst.cpp">
      <Filter>SceneObjects\2D</Filter>
    </ClCompile>
    <ClCompile Include="..\..\..\Atum\SceneObjects\2D\SpritesLayerAsset.cpp">
      <Filter>SceneObjects\2D</Filter>
    </ClCompile>
    <ClCompile Include="..\..\..\Atum\SceneObjects\2D\SpritesLayerInst.cpp">
      <Filter>SceneObjects\2D</Filter>
    </ClCompile>
    <ClCompile Include="..\..\..\Atum\SceneObjects\2D\SpriteTileAsset.cpp">
      <Filter>SceneObjects\2D</Filter>
    </ClCompile>
    <ClCompile Include="..\..\..\Atum\SceneObjects\2D\SpriteTileInst.cpp">
      <Filter>SceneObjects\2D</Filter>
    </ClCompile>
    <ClCompile Include="..\..\..\Atum\SceneObjects\2D\SpriteWindow.cpp">
      <Filter>SceneObjects\2D</Filter>
    </ClCompile>
    <ClCompile Include="..\..\..\Atum\SceneObjects\Common\ScriptMetaDataAsset.cpp">
      <Filter>SceneObjects\Common</Filter>
    </ClCompile>
    <ClCompile Include="..\..\..\Atum\SceneObjects\Common\ScriptMetaDataComp.cpp">
      <Filter>SceneObjects\Common</Filter>
    </ClCompile>
    <ClCompile Include="..\..\..\Atum\SceneObjects\UI\UIButtonAsset.cpp">
      <Filter>SceneObjects\UI</Filter>
    </ClCompile>
    <ClCompile Include="..\..\..\Atum\SceneObjects\UI\UIContainerAsset.cpp">
      <Filter>SceneObjects\UI</Filter>
    </ClCompile>
    <ClCompile Include="..\..\..\Atum\SceneObjects\UI\UIImageAsset.cpp">
      <Filter>SceneObjects\UI</Filter>
    </ClCompile>
    <ClCompile Include="..\..\..\Atum\SceneObjects\UI\UILabelAsset.cpp">
      <Filter>SceneObjects\UI</Filter>
    </ClCompile>
    <ClCompile Include="..\..\..\Atum\SceneObjects\UI\UIService.cpp">
      <Filter>SceneObjects\UI</Filter>
    </ClCompile>
    <ClCompile Include="..\..\..\Atum\SceneObjects\UI\UIViewAsset.cpp">
      <Filter>SceneObjects\UI</Filter>
    </ClCompile>
    <ClCompile Include="..\..\..\Atum\SceneObjects\UI\UIViewInstanceAsset.cpp">
      <Filter>SceneObjects\UI</Filter>
    </ClCompile>
    <ClCompile Include="..\..\..\Atum\SceneObjects\UI\UIWidgetAsset.cpp">
      <Filter>SceneObjects\UI</Filter>
    </ClCompile>
    <ClCompile Include="..\..\..\Atum\SceneObjects\Common\Animator\Animator.cpp">
      <Filter>SceneObjects\Common\Animator</Filter>
    </ClCompile>
    <ClCompile Include="..\..\..\Atum\SceneObjects\Common\Animator\AnimatorObject.cpp">
      <Filter>SceneObjects\Common\Animator</Filter>
    </ClCompile>
    <ClCompile Include="..\..\..\Atum\SceneObjects\Common\Animator\AnimatorWindow.cpp">
      <Filter>SceneObjects\Common\Animator</Filter>
    </ClCompile>
    <ClCompile Include="..\..\..\Atum\SceneObjects\Common\Animator\TrackPlayers\BoxPlayer.cpp">
      <Filter>SceneObjects\Common\Animator\TrackPlayers</Filter>
    </ClCompile>
    <ClCompile Include="..\..\..\Atum\SceneObjects\Common\Animator\TrackPlayers\CameraPlayer.cpp">
      <Filter>SceneObjects\Common\Animator\TrackPlayers</Filter>
    </ClCompile>
    <ClCompile Include="..\..\..\Atum\SceneObjects\Common\Animator\TrackPlayers\SpritePlayer.cpp">
      <Filter>SceneObjects\Common\Animator\TrackPlayers</Filter>
    </ClCompile>
    <ClCompile Include="..\..\..\Atum\SceneObjects\Common\Animator\TrackPlayers\TrackPlayer.cpp">
      <Filter>SceneObjects\Common\Animator\TrackPlayers</Filter>
    </ClCompile>
    <ClCompile Include="..\..\..\Atum\SceneObjects\Common\Animator\DataTrack\ColorDataTrack.cpp">
      <Filter>SceneObjects\Common\Animator\DataTrack</Filter>
    </ClCompile>
    <ClCompile Include="..\..\..\Atum\SceneObjects\Common\Animator\DataTrack\ColorDataTrackWidgets.cpp">
      <Filter>SceneObjects\Common\Animator\DataTrack</Filter>
    </ClCompile>
    <ClCompile Include="..\..\..\Atum\SceneObjects\Common\Animator\DataTrack\DataTrackWidgets.cpp">
      <Filter>SceneObjects\Common\Animator\DataTrack</Filter>
    </ClCompile>
    <ClCompile Include="..\..\..\Atum\SceneObjects\Common\Animator\DataTrack\FloatDataTrack.cpp">
      <Filter>SceneObjects\Common\Animator\DataTrack</Filter>
    </ClCompile>
    <ClCompile Include="..\..\..\Atum\SceneObjects\Common\Animator\DataTrack\FloatDataTrackWidgets.cpp">
      <Filter>SceneObjects\Common\Animator\DataTrack</Filter>
    </ClCompile>
    <ClCompile Include="..\..\..\Atum\SceneObjects\Common\Animator\DataTrack\Transform2DDataTrack.cpp">
      <Filter>SceneObjects\Common\Animator\DataTrack</Filter>
    </ClCompile>
    <ClCompile Include="..\..\..\Atum\SceneObjects\Common\Animator\DataTrack\Transform2DDataTrackWidgets.cpp">
      <Filter>SceneObjects\Common\Animator\DataTrack</Filter>
    </ClCompile>
    <ClCompile Include="..\..\..\Atum\SceneObjects\Common\Animator\DataTrack\TransformDataTrack.cpp">
      <Filter>SceneObjects\Common\Animator\DataTrack</Filter>
    </ClCompile>
    <ClCompile Include="..\..\..\Atum\SceneObjects\Common\Animator\DataTrack\TransformDataTrackWidgets.cpp">
      <Filter>SceneObjects\Common\Animator\DataTrack</Filter>
    </ClCompile>
    <ClCompile Include="..\..\..\Atum\SceneObjects\Other\Demo\tank.cpp">
      <Filter>SceneObjects\Other\Demo</Filter>
    </ClCompile>
    <ClCompile Include="..\..\..\Atum\SceneObjects\Other\Demo\tankclient.cpp">
      <Filter>SceneObjects\Other\Demo</Filter>
    </ClCompile>
    <ClCompile Include="..\..\..\Atum\Services\File\Files.cpp">
      <Filter>Services\Files</Filter>
    </ClCompile>
    <ClCompile Include="..\..\..\Atum\Support\json\JSONReader.cpp">
      <Filter>Support\json</Filter>
    </ClCompile>
    <ClCompile Include="..\..\..\Atum\Support\json\JSONWriter.cpp">
      <Filter>Support\json</Filter>
    </ClCompile>
    <ClCompile Include="..\..\..\Atum\Services\File\FileInMemory.cpp">
      <Filter>Services\Files</Filter>
    </ClCompile>
  </ItemGroup>
  <ItemGroup>
    <ClInclude Include="..\..\..\Atum\Support\Color.h">
      <Filter>Support</Filter>
    </ClInclude>
    <ClInclude Include="..\..\..\Atum\Support\Delegate.h">
      <Filter>Support</Filter>
    </ClInclude>
    <ClInclude Include="..\..\..\Atum\Support\Matrix.h">
      <Filter>Support</Filter>
    </ClInclude>
    <ClInclude Include="..\..\..\Atum\Support\Timer.h">
      <Filter>Support</Filter>
    </ClInclude>
    <ClInclude Include="..\..\..\Atum\Support\Vector.h">
      <Filter>Support</Filter>
    </ClInclude>
    <ClInclude Include="..\..\..\Atum\Support\Vector2.h">
      <Filter>Support</Filter>
    </ClInclude>
    <ClInclude Include="..\..\..\Atum\Support\Vector4.h">
      <Filter>Support</Filter>
    </ClInclude>
    <ClInclude Include="..\..\..\Atum\Services\Controls\Controls.h">
      <Filter>Services\Controls</Filter>
    </ClInclude>
    <ClInclude Include="..\..\..\Atum\Services\Render\Device.h">
      <Filter>Services\Render</Filter>
    </ClInclude>
    <ClInclude Include="..\..\..\Atum\Services\Render\GeometryBuffer.h">
      <Filter>Services\Render</Filter>
    </ClInclude>
    <ClInclude Include="..\..\..\Atum\Services\Render\Program.h">
      <Filter>Services\Render</Filter>
    </ClInclude>
    <ClInclude Include="..\..\..\Atum\Services\Render\Render.h">
      <Filter>Services\Render</Filter>
    </ClInclude>
    <ClInclude Include="..\..\..\Atum\Services\Render\Shader.h">
      <Filter>Services\Render</Filter>
    </ClInclude>
    <ClInclude Include="..\..\..\Atum\Services\Render\Texture.h">
      <Filter>Services\Render</Filter>
    </ClInclude>
    <ClInclude Include="..\..\..\Atum\Services\Render\Debug\Debug.h">
      <Filter>Services\Render\Debug</Filter>
    </ClInclude>
    <ClInclude Include="..\..\..\Atum\Services\Render\Debug\DebugBoxes.h">
      <Filter>Services\Render\Debug</Filter>
    </ClInclude>
    <ClInclude Include="..\..\..\Atum\Services\Render\Debug\DebugLines.h">
      <Filter>Services\Render\Debug</Filter>
    </ClInclude>
    <ClInclude Include="..\..\..\Atum\Services\Render\Debug\DebugPrograms.h">
      <Filter>Services\Render\Debug</Filter>
    </ClInclude>
    <ClInclude Include="..\..\..\Atum\Services\Render\Debug\DebugSpheres.h">
      <Filter>Services\Render\Debug</Filter>
    </ClInclude>
    <ClInclude Include="..\..\..\Atum\Services\Render\DX11\DeviceDX11.h">
      <Filter>Services\Render\DX11</Filter>
    </ClInclude>
    <ClInclude Include="..\..\..\Atum\Services\Render\DX11\GeometryBufferDX11.h">
      <Filter>Services\Render\DX11</Filter>
    </ClInclude>
    <ClInclude Include="..\..\..\Atum\Services\Render\DX11\ShaderDX11.h">
      <Filter>Services\Render\DX11</Filter>
    </ClInclude>
    <ClInclude Include="..\..\..\Atum\Services\Render\DX11\TextureDX11.h">
      <Filter>Services\Render\DX11</Filter>
    </ClInclude>
    <ClInclude Include="..\..\..\Atum\Support\StringUtils.h">
      <Filter>Support</Filter>
    </ClInclude>
    <ClInclude Include="..\..\..\Atum\Support\Support.h">
      <Filter>Support</Filter>
    </ClInclude>
    <ClInclude Include="..\..\..\Atum\Support\Quaternion.h">
      <Filter>Support</Filter>
    </ClInclude>
    <ClInclude Include="..\..\..\Atum\Support\ClassFactory.h">
      <Filter>Support</Filter>
    </ClInclude>
    <ClInclude Include="..\..\..\Atum\Support\json\block_allocator.h">
      <Filter>Support\json</Filter>
    </ClInclude>
    <ClInclude Include="..\..\..\Atum\Support\json\json.h">
      <Filter>Support\json</Filter>
    </ClInclude>
    <ClInclude Include="..\..\..\Atum\Support\MetaData\BoolWidget.h">
      <Filter>Support\MetaData</Filter>
    </ClInclude>
    <ClInclude Include="..\..\..\Atum\Support\MetaData\ColorWidget.h">
      <Filter>Support\MetaData</Filter>
    </ClInclude>
    <ClInclude Include="..\..\..\Atum\Support\MetaData\EnumWidget.h">
      <Filter>Support\MetaData</Filter>
    </ClInclude>
    <ClInclude Include="..\..\..\Atum\Support\MetaData\FileNameWidget.h">
      <Filter>Support\MetaData</Filter>
    </ClInclude>
    <ClInclude Include="..\..\..\Atum\Support\MetaData\FloatWidget.h">
      <Filter>Support\MetaData</Filter>
    </ClInclude>
    <ClInclude Include="..\..\..\Atum\Support\MetaData\IntWidget.h">
      <Filter>Support\MetaData</Filter>
    </ClInclude>
    <ClInclude Include="..\..\..\Atum\Support\MetaData\MetaData.h">
      <Filter>Support\MetaData</Filter>
    </ClInclude>
    <ClInclude Include="..\..\..\Atum\Support\MetaData\ProperyWidget.h">
      <Filter>Support\MetaData</Filter>
    </ClInclude>
    <ClInclude Include="..\..\..\Atum\Support\MetaData\StringWidget.h">
      <Filter>Support\MetaData</Filter>
    </ClInclude>
    <ClInclude Include="..\..\..\Atum\Services\Scene\Scene.h">
      <Filter>Services\Scene</Filter>
    </ClInclude>
    <ClInclude Include="..\..\..\Atum\Services\Scene\SceneObject.h">
      <Filter>Services\Scene</Filter>
    </ClInclude>
    <ClInclude Include="..\..\..\Atum\Editor\Editor.h">
      <Filter>Editor</Filter>
    </ClInclude>
    <ClInclude Include="..\..\..\Atum\Editor\freecamera.h">
      <Filter>Editor</Filter>
    </ClInclude>
    <ClInclude Include="..\..\..\Atum\Editor\Gizmo.h">
      <Filter>Editor</Filter>
    </ClInclude>
    <ClInclude Include="..\..\..\Atum\Services\TaskExecutor\TaskExecutor.h">
      <Filter>Services\TaskExecutor</Filter>
    </ClInclude>
    <ClInclude Include="..\..\..\Atum\Support\ThreadExecutor.h">
      <Filter>Support</Filter>
    </ClInclude>
    <ClInclude Include="..\..\..\Atum\Services\Font\FontRes.h">
      <Filter>Services\Font</Filter>
    </ClInclude>
    <ClInclude Include="..\..\..\Atum\Services\Font\stb_truetype.h">
      <Filter>Services\Font</Filter>
    </ClInclude>
    <ClInclude Include="..\..\..\Atum\Services\Render\Debug\DebugFont.h">
      <Filter>Services\Render\Debug</Filter>
    </ClInclude>
    <ClInclude Include="..\..\..\Atum\Services\Font\Font.h">
      <Filter>Services\Font</Filter>
    </ClInclude>
    <ClInclude Include="..\..\..\Atum\Services\Scene\SceneAsset.h">
      <Filter>Services\Scene</Filter>
    </ClInclude>
    <ClInclude Include="..\..\..\Atum\Services\Render\Debug\DebugTriangles.h">
      <Filter>Services\Render\Debug</Filter>
    </ClInclude>
    <ClInclude Include="..\..\..\Atum\Support\Types.h">
      <Filter>Support</Filter>
    </ClInclude>
    <ClInclude Include="..\..\..\Atum\Support\Defines.h">
      <Filter>Support</Filter>
    </ClInclude>
    <ClInclude Include="..\..\..\Atum\Support\std.h">
      <Filter>Support</Filter>
    </ClInclude>
    <ClInclude Include="..\..\..\Atum\Services\Render\Debug\DebugSprites.h">
      <Filter>Services\Render\Debug</Filter>
    </ClInclude>
    <ClInclude Include="..\..\..\Atum\Support\MetaData\CallbackWidget.h">
      <Filter>Support\MetaData</Filter>
    </ClInclude>
    <ClInclude Include="..\..\..\Atum\Services\Core\Core.h">
      <Filter>Services\Core</Filter>
    </ClInclude>
    <ClInclude Include="..\..\..\Atum\Services\Network\Network.h">
      <Filter>Services\Network</Filter>
    </ClInclude>
    <ClInclude Include="..\..\..\Atum\Services\Font\Fonts.h">
      <Filter>Services\Font</Filter>
    </ClInclude>
    <ClInclude Include="..\..\..\Atum\Platform\Android\android_fopen.h">
      <Filter>Platform\Android</Filter>
    </ClInclude>
    <ClInclude Include="..\..\..\Atum\Services\Render\VertexDecl.h">
      <Filter>Services\Render</Filter>
    </ClInclude>
    <ClInclude Include="..\..\..\Atum\Services\Render\DX11\VertexDeclDX11.h">
      <Filter>Services\Render\DX11</Filter>
    </ClInclude>
    <ClInclude Include="..\..\..\Atum\Services\Render\GLES3\VertexDeclGLES.h">
      <Filter>Services\Render\GLES3</Filter>
    </ClInclude>
    <ClInclude Include="..\..\..\Atum\Services\Render\GLES3\TextureGLES.h">
      <Filter>Services\Render\GLES3</Filter>
    </ClInclude>
    <ClInclude Include="..\..\..\Atum\Services\Render\GLES3\ShaderGLES.h">
      <Filter>Services\Render\GLES3</Filter>
    </ClInclude>
    <ClInclude Include="..\..\..\Atum\Services\Render\GLES3\GeometryBufferGLES.h">
      <Filter>Services\Render\GLES3</Filter>
    </ClInclude>
    <ClInclude Include="..\..\..\Atum\Services\Render\GLES3\DeviceGLES.h">
      <Filter>Services\Render\GLES3</Filter>
    </ClInclude>
    <ClInclude Include="..\..\..\Atum\Services\Script\Scripts.h">
      <Filter>Services\Script</Filter>
    </ClInclude>
    <ClInclude Include="..\..\..\Atum\Services\Physic\PhysController.h">
      <Filter>Services\Physic</Filter>
    </ClInclude>
    <ClInclude Include="..\..\..\Atum\Services\Physic\PhysHeightmap.h">
      <Filter>Services\Physic</Filter>
    </ClInclude>
    <ClInclude Include="..\..\..\Atum\Services\Physic\Physics.h">
      <Filter>Services\Physic</Filter>
    </ClInclude>
    <ClInclude Include="..\..\..\Atum\Services\Physic\PhysObject.h">
      <Filter>Services\Physic</Filter>
    </ClInclude>
    <ClInclude Include="..\..\..\Atum\Services\Physic\PhysScene.h">
      <Filter>Services\Physic</Filter>
    </ClInclude>
    <ClInclude Include="..\..\..\Atum\Services\Script\ScriptContext.h">
      <Filter>Services\Script</Filter>
    </ClInclude>
    <ClInclude Include="..\..\..\Atum\Services\Script\libs\scriptarray.h">
      <Filter>Services\Script\Libs</Filter>
    </ClInclude>
    <ClInclude Include="..\..\..\Atum\Services\Script\libs\scriptdictionary.h">
      <Filter>Services\Script\Libs</Filter>
    </ClInclude>
    <ClInclude Include="..\..\..\Atum\Services\Script\libs\scripthandle.h">
      <Filter>Services\Script\Libs</Filter>
    </ClInclude>
    <ClInclude Include="..\..\..\Atum\Services\Script\libs\scriptmath.h">
      <Filter>Services\Script\Libs</Filter>
    </ClInclude>
    <ClInclude Include="..\..\..\Atum\Services\Script\libs\scriptstdstring.h">
      <Filter>Services\Script\Libs</Filter>
    </ClInclude>
    <ClInclude Include="..\..\..\Atum\Services\Script\Libs\aswrappedcall.h">
      <Filter>Services\Script\Libs</Filter>
    </ClInclude>
    <ClInclude Include="..\..\..\Atum\Services\Physic\Box2D\Box2D.h">
      <Filter>Services\Physic\Box2D</Filter>
    </ClInclude>
    <ClInclude Include="..\..\..\Atum\Services\Physic\Box2D\Rope\b2Rope.h">
      <Filter>Services\Physic\Box2D\Rope</Filter>
    </ClInclude>
    <ClInclude Include="..\..\..\Atum\Services\Physic\Box2D\Dynamics\Joints\b2DistanceJoint.h">
      <Filter>Services\Physic\Box2D\Dynamics\Joints</Filter>
    </ClInclude>
    <ClInclude Include="..\..\..\Atum\Services\Physic\Box2D\Dynamics\Joints\b2FrictionJoint.h">
      <Filter>Services\Physic\Box2D\Dynamics\Joints</Filter>
    </ClInclude>
    <ClInclude Include="..\..\..\Atum\Services\Physic\Box2D\Dynamics\Joints\b2GearJoint.h">
      <Filter>Services\Physic\Box2D\Dynamics\Joints</Filter>
    </ClInclude>
    <ClInclude Include="..\..\..\Atum\Services\Physic\Box2D\Dynamics\Joints\b2Joint.h">
      <Filter>Services\Physic\Box2D\Dynamics\Joints</Filter>
    </ClInclude>
    <ClInclude Include="..\..\..\Atum\Services\Physic\Box2D\Dynamics\Joints\b2MotorJoint.h">
      <Filter>Services\Physic\Box2D\Dynamics\Joints</Filter>
    </ClInclude>
    <ClInclude Include="..\..\..\Atum\Services\Physic\Box2D\Dynamics\Joints\b2MouseJoint.h">
      <Filter>Services\Physic\Box2D\Dynamics\Joints</Filter>
    </ClInclude>
    <ClInclude Include="..\..\..\Atum\Services\Physic\Box2D\Dynamics\Joints\b2PrismaticJoint.h">
      <Filter>Services\Physic\Box2D\Dynamics\Joints</Filter>
    </ClInclude>
    <ClInclude Include="..\..\..\Atum\Services\Physic\Box2D\Dynamics\Joints\b2PulleyJoint.h">
      <Filter>Services\Physic\Box2D\Dynamics\Joints</Filter>
    </ClInclude>
    <ClInclude Include="..\..\..\Atum\Services\Physic\Box2D\Dynamics\Joints\b2RevoluteJoint.h">
      <Filter>Services\Physic\Box2D\Dynamics\Joints</Filter>
    </ClInclude>
    <ClInclude Include="..\..\..\Atum\Services\Physic\Box2D\Dynamics\Joints\b2RopeJoint.h">
      <Filter>Services\Physic\Box2D\Dynamics\Joints</Filter>
    </ClInclude>
    <ClInclude Include="..\..\..\Atum\Services\Physic\Box2D\Dynamics\Joints\b2WeldJoint.h">
      <Filter>Services\Physic\Box2D\Dynamics\Joints</Filter>
    </ClInclude>
    <ClInclude Include="..\..\..\Atum\Services\Physic\Box2D\Dynamics\Joints\b2WheelJoint.h">
      <Filter>Services\Physic\Box2D\Dynamics\Joints</Filter>
    </ClInclude>
    <ClInclude Include="..\..\..\Atum\Services\Physic\Box2D\Dynamics\Contacts\b2ChainAndCircleContact.h">
      <Filter>Services\Physic\Box2D\Dynamics\Contacts</Filter>
    </ClInclude>
    <ClInclude Include="..\..\..\Atum\Services\Physic\Box2D\Dynamics\Contacts\b2ChainAndPolygonContact.h">
      <Filter>Services\Physic\Box2D\Dynamics\Contacts</Filter>
    </ClInclude>
    <ClInclude Include="..\..\..\Atum\Services\Physic\Box2D\Dynamics\Contacts\b2CircleContact.h">
      <Filter>Services\Physic\Box2D\Dynamics\Contacts</Filter>
    </ClInclude>
    <ClInclude Include="..\..\..\Atum\Services\Physic\Box2D\Dynamics\Contacts\b2Contact.h">
      <Filter>Services\Physic\Box2D\Dynamics\Contacts</Filter>
    </ClInclude>
    <ClInclude Include="..\..\..\Atum\Services\Physic\Box2D\Dynamics\Contacts\b2ContactSolver.h">
      <Filter>Services\Physic\Box2D\Dynamics\Contacts</Filter>
    </ClInclude>
    <ClInclude Include="..\..\..\Atum\Services\Physic\Box2D\Dynamics\Contacts\b2EdgeAndCircleContact.h">
      <Filter>Services\Physic\Box2D\Dynamics\Contacts</Filter>
    </ClInclude>
    <ClInclude Include="..\..\..\Atum\Services\Physic\Box2D\Dynamics\Contacts\b2EdgeAndPolygonContact.h">
      <Filter>Services\Physic\Box2D\Dynamics\Contacts</Filter>
    </ClInclude>
    <ClInclude Include="..\..\..\Atum\Services\Physic\Box2D\Dynamics\Contacts\b2PolygonAndCircleContact.h">
      <Filter>Services\Physic\Box2D\Dynamics\Contacts</Filter>
    </ClInclude>
    <ClInclude Include="..\..\..\Atum\Services\Physic\Box2D\Dynamics\Contacts\b2PolygonContact.h">
      <Filter>Services\Physic\Box2D\Dynamics\Contacts</Filter>
    </ClInclude>
    <ClInclude Include="..\..\..\Atum\Services\Physic\Box2D\Dynamics\b2Body.h">
      <Filter>Services\Physic\Box2D\Dynamics</Filter>
    </ClInclude>
    <ClInclude Include="..\..\..\Atum\Services\Physic\Box2D\Dynamics\b2ContactManager.h">
      <Filter>Services\Physic\Box2D\Dynamics</Filter>
    </ClInclude>
    <ClInclude Include="..\..\..\Atum\Services\Physic\Box2D\Dynamics\b2Fixture.h">
      <Filter>Services\Physic\Box2D\Dynamics</Filter>
    </ClInclude>
    <ClInclude Include="..\..\..\Atum\Services\Physic\Box2D\Dynamics\b2Island.h">
      <Filter>Services\Physic\Box2D\Dynamics</Filter>
    </ClInclude>
    <ClInclude Include="..\..\..\Atum\Services\Physic\Box2D\Dynamics\b2TimeStep.h">
      <Filter>Services\Physic\Box2D\Dynamics</Filter>
    </ClInclude>
    <ClInclude Include="..\..\..\Atum\Services\Physic\Box2D\Dynamics\b2World.h">
      <Filter>Services\Physic\Box2D\Dynamics</Filter>
    </ClInclude>
    <ClInclude Include="..\..\..\Atum\Services\Physic\Box2D\Dynamics\b2WorldCallbacks.h">
      <Filter>Services\Physic\Box2D\Dynamics</Filter>
    </ClInclude>
    <ClInclude Include="..\..\..\Atum\Services\Physic\Box2D\Common\b2BlockAllocator.h">
      <Filter>Services\Physic\Box2D\Common</Filter>
    </ClInclude>
    <ClInclude Include="..\..\..\Atum\Services\Physic\Box2D\Common\b2Draw.h">
      <Filter>Services\Physic\Box2D\Common</Filter>
    </ClInclude>
    <ClInclude Include="..\..\..\Atum\Services\Physic\Box2D\Common\b2GrowableStack.h">
      <Filter>Services\Physic\Box2D\Common</Filter>
    </ClInclude>
    <ClInclude Include="..\..\..\Atum\Services\Physic\Box2D\Common\b2Math.h">
      <Filter>Services\Physic\Box2D\Common</Filter>
    </ClInclude>
    <ClInclude Include="..\..\..\Atum\Services\Physic\Box2D\Common\b2Settings.h">
      <Filter>Services\Physic\Box2D\Common</Filter>
    </ClInclude>
    <ClInclude Include="..\..\..\Atum\Services\Physic\Box2D\Common\b2StackAllocator.h">
      <Filter>Services\Physic\Box2D\Common</Filter>
    </ClInclude>
    <ClInclude Include="..\..\..\Atum\Services\Physic\Box2D\Common\b2Timer.h">
      <Filter>Services\Physic\Box2D\Common</Filter>
    </ClInclude>
    <ClInclude Include="..\..\..\Atum\Services\Physic\Box2D\Collision\Shapes\b2ChainShape.h">
      <Filter>Services\Physic\Box2D\Collision\Shapes</Filter>
    </ClInclude>
    <ClInclude Include="..\..\..\Atum\Services\Physic\Box2D\Collision\Shapes\b2CircleShape.h">
      <Filter>Services\Physic\Box2D\Collision\Shapes</Filter>
    </ClInclude>
    <ClInclude Include="..\..\..\Atum\Services\Physic\Box2D\Collision\Shapes\b2EdgeShape.h">
      <Filter>Services\Physic\Box2D\Collision\Shapes</Filter>
    </ClInclude>
    <ClInclude Include="..\..\..\Atum\Services\Physic\Box2D\Collision\Shapes\b2PolygonShape.h">
      <Filter>Services\Physic\Box2D\Collision\Shapes</Filter>
    </ClInclude>
    <ClInclude Include="..\..\..\Atum\Services\Physic\Box2D\Collision\Shapes\b2Shape.h">
      <Filter>Services\Physic\Box2D\Collision\Shapes</Filter>
    </ClInclude>
    <ClInclude Include="..\..\..\Atum\Services\Physic\Box2D\Collision\b2BroadPhase.h">
      <Filter>Services\Physic\Box2D\Collision</Filter>
    </ClInclude>
    <ClInclude Include="..\..\..\Atum\Services\Physic\Box2D\Collision\b2Collision.h">
      <Filter>Services\Physic\Box2D\Collision</Filter>
    </ClInclude>
    <ClInclude Include="..\..\..\Atum\Services\Physic\Box2D\Collision\b2Distance.h">
      <Filter>Services\Physic\Box2D\Collision</Filter>
    </ClInclude>
    <ClInclude Include="..\..\..\Atum\Services\Physic\Box2D\Collision\b2DynamicTree.h">
      <Filter>Services\Physic\Box2D\Collision</Filter>
    </ClInclude>
    <ClInclude Include="..\..\..\Atum\Services\Physic\Box2D\Collision\b2TimeOfImpact.h">
      <Filter>Services\Physic\Box2D\Collision</Filter>
    </ClInclude>
    <ClInclude Include="..\..\..\Atum\Support\MetaData\ArrayWidget.h">
      <Filter>Support\MetaData</Filter>
    </ClInclude>
    <ClInclude Include="..\..\..\Atum\Services\Scene\SceneObjectComp.h">
      <Filter>Services\Scene</Filter>
    </ClInclude>
    <ClInclude Include="..\..\..\Atum\Editor\SceneObjCmpWidget.h">
      <Filter>Editor</Filter>
    </ClInclude>
    <ClInclude Include="..\..\..\Atum\Support\MetaData\SpriteWidget.h">
      <Filter>Support\MetaData</Filter>
    </ClInclude>
    <ClInclude Include="..\..\..\Atum\SceneObjects\2D\Track2DComp.h">
      <Filter>SceneObjects\2D</Filter>
    </ClInclude>
    <ClInclude Include="..\..\..\Atum\SceneObjects\2D\Triger2D.h">
      <Filter>SceneObjects\2D</Filter>
    </ClInclude>
    <ClInclude Include="..\..\..\Atum\SceneObjects\3D\PhysBox.h">
      <Filter>SceneObjects\3D</Filter>
    </ClInclude>
    <ClInclude Include="..\..\..\Atum\SceneObjects\3D\terrain.h">
      <Filter>SceneObjects\3D</Filter>
    </ClInclude>
    <ClInclude Include="..\..\..\Atum\SceneObjects\Common\SceneScript.h">
      <Filter>SceneObjects\Common</Filter>
    </ClInclude>
    <ClInclude Include="..\..\..\Atum\SceneObjects\Common\VirtualJoystick.h">
      <Filter>SceneObjects\Common</Filter>
    </ClInclude>
    <ClInclude Include="..\..\..\Atum\SceneObjects\Other\Demo\correction.h">
      <Filter>SceneObjects\Other\Demo</Filter>
    </ClInclude>
    <ClInclude Include="..\..\..\Atum\SceneObjects\Other\Demo\hovertank.h">
      <Filter>SceneObjects\Other\Demo</Filter>
    </ClInclude>
    <ClInclude Include="..\..\..\Atum\SceneObjects\Other\Demo\model.h">
      <Filter>SceneObjects\Other\Demo</Filter>
    </ClInclude>
    <ClInclude Include="..\..\..\Atum\SceneObjects\Other\Demo\plane.h">
      <Filter>SceneObjects\Other\Demo</Filter>
    </ClInclude>
    <ClInclude Include="..\..\..\Atum\SceneObjects\Other\Demo\programs.h">
      <Filter>SceneObjects\Other\Demo</Filter>
    </ClInclude>
    <ClInclude Include="..\..\..\Atum\SceneObjects\Other\Demo\SimpleCharacter2D.h">
      <Filter>SceneObjects\Other\Demo</Filter>
    </ClInclude>
    <ClInclude Include="..\..\..\Atum\SceneObjects\Other\Demo\SimpleClient.h">
      <Filter>SceneObjects\Other\Demo</Filter>
    </ClInclude>
    <ClInclude Include="..\..\..\Atum\SceneObjects\Other\Demo\SimpleServer.h">
      <Filter>SceneObjects\Other\Demo</Filter>
    </ClInclude>
    <ClInclude Include="..\..\..\Atum\SceneObjects\Other\PathFinder\AStar.h">
      <Filter>SceneObjects\Other\PathFinder</Filter>
    </ClInclude>
    <ClInclude Include="..\..\..\Atum\SceneObjects\Other\PathFinder\PathFinder.h">
      <Filter>SceneObjects\Other\PathFinder</Filter>
    </ClInclude>
    <ClInclude Include="..\..\..\Atum\SceneObjects\Other\PathFinder\Vec2.h">
      <Filter>SceneObjects\Other\PathFinder</Filter>
    </ClInclude>
    <ClInclude Include="..\..\..\Atum\SceneObjects\2D\Camera2D.h">
      <Filter>SceneObjects\2D</Filter>
    </ClInclude>
    <ClInclude Include="..\..\..\Atum\SceneObjects\2D\Phys2DComp.h">
      <Filter>SceneObjects\2D</Filter>
    </ClInclude>
    <ClInclude Include="..\..\..\Atum\SceneObjects\2D\Sprite.h">
      <Filter>SceneObjects\2D</Filter>
    </ClInclude>
    <ClInclude Include="..\..\..\Atum\SceneObjects\2D\SpriteAsset.h">
      <Filter>SceneObjects\2D</Filter>
    </ClInclude>
    <ClInclude Include="..\..\..\Atum\SceneObjects\2D\SpriteGraphAsset.h">
      <Filter>SceneObjects\2D</Filter>
    </ClInclude>
    <ClInclude Include="..\..\..\Atum\SceneObjects\2D\SpriteGraphInst.h">
      <Filter>SceneObjects\2D</Filter>
    </ClInclude>
    <ClInclude Include="..\..\..\Atum\SceneObjects\2D\SpriteInst.h">
      <Filter>SceneObjects\2D</Filter>
    </ClInclude>
    <ClInclude Include="..\..\..\Atum\SceneObjects\2D\SpritesLayerAsset.h">
      <Filter>SceneObjects\2D</Filter>
    </ClInclude>
    <ClInclude Include="..\..\..\Atum\SceneObjects\2D\SpritesLayerInst.h">
      <Filter>SceneObjects\2D</Filter>
    </ClInclude>
    <ClInclude Include="..\..\..\Atum\SceneObjects\2D\SpriteTileAsset.h">
      <Filter>SceneObjects\2D</Filter>
    </ClInclude>
    <ClInclude Include="..\..\..\Atum\SceneObjects\2D\SpriteTileInst.h">
      <Filter>SceneObjects\2D</Filter>
    </ClInclude>
    <ClInclude Include="..\..\..\Atum\SceneObjects\2D\SpriteWindow.h">
      <Filter>SceneObjects\2D</Filter>
    </ClInclude>
    <ClInclude Include="..\..\..\Atum\SceneObjects\Common\ScriptMetaDataAsset.h">
      <Filter>SceneObjects\Common</Filter>
    </ClInclude>
    <ClInclude Include="..\..\..\Atum\SceneObjects\Common\ScriptMetaDataComp.h">
      <Filter>SceneObjects\Common</Filter>
    </ClInclude>
    <ClInclude Include="..\..\..\Atum\SceneObjects\UI\UIButtonAsset.h">
      <Filter>SceneObjects\UI</Filter>
    </ClInclude>
    <ClInclude Include="..\..\..\Atum\SceneObjects\UI\UIContainerAsset.h">
      <Filter>SceneObjects\UI</Filter>
    </ClInclude>
    <ClInclude Include="..\..\..\Atum\SceneObjects\UI\UIImageAsset.h">
      <Filter>SceneObjects\UI</Filter>
    </ClInclude>
    <ClInclude Include="..\..\..\Atum\SceneObjects\UI\UILabelAsset.h">
      <Filter>SceneObjects\UI</Filter>
    </ClInclude>
    <ClInclude Include="..\..\..\Atum\SceneObjects\UI\UIService.h">
      <Filter>SceneObjects\UI</Filter>
    </ClInclude>
    <ClInclude Include="..\..\..\Atum\SceneObjects\UI\UIViewAsset.h">
      <Filter>SceneObjects\UI</Filter>
    </ClInclude>
    <ClInclude Include="..\..\..\Atum\SceneObjects\UI\UIViewInstanceAsset.h">
      <Filter>SceneObjects\UI</Filter>
    </ClInclude>
    <ClInclude Include="..\..\..\Atum\SceneObjects\UI\UIWidgetAsset.h">
      <Filter>SceneObjects\UI</Filter>
    </ClInclude>
    <ClInclude Include="..\..\..\Atum\SceneObjects\Common\Animator\Animator.h">
      <Filter>SceneObjects\Common\Animator</Filter>
    </ClInclude>
    <ClInclude Include="..\..\..\Atum\SceneObjects\Common\Animator\AnimatorObject.h">
      <Filter>SceneObjects\Common\Animator</Filter>
    </ClInclude>
    <ClInclude Include="..\..\..\Atum\SceneObjects\Common\Animator\AnimatorWindow.h">
      <Filter>SceneObjects\Common\Animator</Filter>
    </ClInclude>
    <ClInclude Include="..\..\..\Atum\SceneObjects\Common\Animator\TrackPlayers\BoxPlayer.h">
      <Filter>SceneObjects\Common\Animator\TrackPlayers</Filter>
    </ClInclude>
    <ClInclude Include="..\..\..\Atum\SceneObjects\Common\Animator\TrackPlayers\CameraPlayer.h">
      <Filter>SceneObjects\Common\Animator\TrackPlayers</Filter>
    </ClInclude>
    <ClInclude Include="..\..\..\Atum\SceneObjects\Common\Animator\TrackPlayers\SpritePlayer.h">
      <Filter>SceneObjects\Common\Animator\TrackPlayers</Filter>
    </ClInclude>
    <ClInclude Include="..\..\..\Atum\SceneObjects\Common\Animator\TrackPlayers\TrackPlayer.h">
      <Filter>SceneObjects\Common\Animator\TrackPlayers</Filter>
    </ClInclude>
    <ClInclude Include="..\..\..\Atum\SceneObjects\Common\Animator\DataTrack\ColorDataTrack.h">
      <Filter>SceneObjects\Common\Animator\DataTrack</Filter>
    </ClInclude>
    <ClInclude Include="..\..\..\Atum\SceneObjects\Common\Animator\DataTrack\ColorDataTrackWidgets.h">
      <Filter>SceneObjects\Common\Animator\DataTrack</Filter>
    </ClInclude>
    <ClInclude Include="..\..\..\Atum\SceneObjects\Common\Animator\DataTrack\DataTrack.h">
      <Filter>SceneObjects\Common\Animator\DataTrack</Filter>
    </ClInclude>
    <ClInclude Include="..\..\..\Atum\SceneObjects\Common\Animator\DataTrack\DataTrackWidgets.h">
      <Filter>SceneObjects\Common\Animator\DataTrack</Filter>
    </ClInclude>
    <ClInclude Include="..\..\..\Atum\SceneObjects\Common\Animator\DataTrack\FloatDataTrack.h">
      <Filter>SceneObjects\Common\Animator\DataTrack</Filter>
    </ClInclude>
    <ClInclude Include="..\..\..\Atum\SceneObjects\Common\Animator\DataTrack\FloatDataTrackWidgets.h">
      <Filter>SceneObjects\Common\Animator\DataTrack</Filter>
    </ClInclude>
    <ClInclude Include="..\..\..\Atum\SceneObjects\Common\Animator\DataTrack\Transform2DDataTrack.h">
      <Filter>SceneObjects\Common\Animator\DataTrack</Filter>
    </ClInclude>
    <ClInclude Include="..\..\..\Atum\SceneObjects\Common\Animator\DataTrack\Transform2DDataTrackWidgets.h">
      <Filter>SceneObjects\Common\Animator\DataTrack</Filter>
    </ClInclude>
    <ClInclude Include="..\..\..\Atum\SceneObjects\Common\Animator\DataTrack\TransformDataTrack.h">
      <Filter>SceneObjects\Common\Animator\DataTrack</Filter>
    </ClInclude>
    <ClInclude Include="..\..\..\Atum\SceneObjects\Common\Animator\DataTrack\TransformDataTrackWidgets.h">
      <Filter>SceneObjects\Common\Animator\DataTrack</Filter>
    </ClInclude>
    <ClInclude Include="..\..\..\Atum\Services\Scene\ExecuteLevels.h">
      <Filter>Services\Scene</Filter>
    </ClInclude>
    <ClInclude Include="..\..\..\Atum\SceneObjects\Other\Demo\tank.h">
      <Filter>SceneObjects\Other\Demo</Filter>
    </ClInclude>
    <ClInclude Include="..\..\..\Atum\SceneObjects\Other\Demo\tankclient.h">
      <Filter>SceneObjects\Other\Demo</Filter>
    </ClInclude>
    <ClInclude Include="..\..\..\Atum\Services\File\Files.h">
      <Filter>Services\Files</Filter>
    </ClInclude>
    <ClInclude Include="..\..\..\Atum\Support\json\JSONReader.h">
      <Filter>Support\json</Filter>
    </ClInclude>
    <ClInclude Include="..\..\..\Atum\Support\json\JSONWriter.h">
      <Filter>Support\json</Filter>
    </ClInclude>
    <ClInclude Include="..\..\..\Atum\Services\File\FileInMemory.h">
      <Filter>Services\Files</Filter>
    </ClInclude>
  </ItemGroup>
</Project>